# This file is autogenerated, do not edit; changes may be undone by the next 'dep ensure'.


[[projects]]
  digest = "1:17ad89bd57485e11f306d41b703f53089fb0803682707b21fe9b3b29467d37a0"
  name = "golang.org/x/text"
  packages = [
    "internal/gen",
    "internal/tag",
    "language",
    "unicode/cldr",
  ]
  pruneopts = "UT"
  revision = "f21a4dfb5e38f5895301dc265a8def02365cc3d0"
  version = "v0.3.0"

[[projects]]
  digest = "1:5d1998b0bc9ea3fd2c2afacb273e5793506acc9241eef5598cfa1945f9518932"
  name = "rsc.io/quote"
  packages = ["."]
  pruneopts = "UT"
  revision = "d88915d7e77ed0fd35d0a022a2f244e2202fd8c8"
  version = "v3.0.0"

[[projects]]
  digest = "1:967a8a854773a41db29413f05f14bb9acac7b31342f5dbd90af861d90fb7864d"
  name = "rsc.io/sampler"
  packages = ["."]
  pruneopts = "UT"
  revision = "732a3c400797d8835f2af34a9561f155bef85435"
  version = "v1.99.99"

[solve-meta]
  analyzer-name = "dep"
  analyzer-version = 1
  input-imports = ["rsc.io/quote"]
  solver-name = "gps-cdcl"
  solver-version = 1
